// !$*UTF8*$!
{
	archiveVersion = 1;
	classes = {
	};
	objectVersion = 46;
	objects = {

/* Begin PBXBuildFile section */
		61042B461A7358A5002131D9 /* ContentCell2.m in Sources */ = {isa = PBXBuildFile; fileRef = 61042B451A7358A5002131D9 /* ContentCell2.m */; };
		6127C5E61A6952070030E114 /* GCPageViewCell.m in Sources */ = {isa = PBXBuildFile; fileRef = 6127C5E51A6952070030E114 /* GCPageViewCell.m */; };
		6127C5E91A6A5B6C0030E114 /* GCDefaultPageView.m in Sources */ = {isa = PBXBuildFile; fileRef = 6127C5E81A6A5B6C0030E114 /* GCDefaultPageView.m */; };
		6127C5EC1A6A5E970030E114 /* GCInfinitePageView.m in Sources */ = {isa = PBXBuildFile; fileRef = 6127C5EB1A6A5E970030E114 /* GCInfinitePageView.m */; };
		61B1A4221A655D670017BE2C /* main.m in Sources */ = {isa = PBXBuildFile; fileRef = 61B1A4211A655D670017BE2C /* main.m */; };
		61B1A4251A655D670017BE2C /* AppDelegate.m in Sources */ = {isa = PBXBuildFile; fileRef = 61B1A4241A655D670017BE2C /* AppDelegate.m */; };
		61B1A4281A655D670017BE2C /* ViewController.m in Sources */ = {isa = PBXBuildFile; fileRef = 61B1A4271A655D670017BE2C /* ViewController.m */; };
		61B1A42B1A655D670017BE2C /* Main.storyboard in Resources */ = {isa = PBXBuildFile; fileRef = 61B1A4291A655D670017BE2C /* Main.storyboard */; };
		61B1A42D1A655D670017BE2C /* Images.xcassets in Resources */ = {isa = PBXBuildFile; fileRef = 61B1A42C1A655D670017BE2C /* Images.xcassets */; };
		61B1A4301A655D670017BE2C /* LaunchScreen.xib in Resources */ = {isa = PBXBuildFile; fileRef = 61B1A42E1A655D670017BE2C /* LaunchScreen.xib */; };
		61B1A43C1A655D670017BE2C /* GCPagerExtensionTests.m in Sources */ = {isa = PBXBuildFile; fileRef = 61B1A43B1A655D670017BE2C /* GCPagerExtensionTests.m */; };
		61B1A4521A6561610017BE2C /* GCScrollView.m in Sources */ = {isa = PBXBuildFile; fileRef = 61B1A4501A6561610017BE2C /* GCScrollView.m */; };
		61B1A4551A657D390017BE2C /* GCPageView.m in Sources */ = {isa = PBXBuildFile; fileRef = 61B1A4541A657D390017BE2C /* GCPageView.m */; };
		61B1A4591A657D590017BE2C /* UIView+GCOperation.m in Sources */ = {isa = PBXBuildFile; fileRef = 61B1A4581A657D590017BE2C /* UIView+GCOperation.m */; };
		B72E05E51A6E3F1700F0BEB8 /* GCPageScrollView.m in Sources */ = {isa = PBXBuildFile; fileRef = B72E05E41A6E3F1700F0BEB8 /* GCPageScrollView.m */; };
		B72E07821A71F33000F0BEB8 /* GCPageViewCellStoreHelper.m in Sources */ = {isa = PBXBuildFile; fileRef = B72E07811A71F33000F0BEB8 /* GCPageViewCellStoreHelper.m */; };
		B72E07851A7215FF00F0BEB8 /* ContentCell.m in Sources */ = {isa = PBXBuildFile; fileRef = B72E07841A7215FF00F0BEB8 /* ContentCell.m */; };
		B79287FE1A787B4E007ECA9F /* GCPageViewController.m in Sources */ = {isa = PBXBuildFile; fileRef = B79287FD1A787B4E007ECA9F /* GCPageViewController.m */; };
		B79288151A79CE66007ECA9F /* ViewController2.m in Sources */ = {isa = PBXBuildFile; fileRef = B79288141A79CE66007ECA9F /* ViewController2.m */; };
		B79288181A79D45A007ECA9F /* ViewContoller3.m in Sources */ = {isa = PBXBuildFile; fileRef = B79288171A79D45A007ECA9F /* ViewContoller3.m */; };
/* End PBXBuildFile section */

/* Begin PBXContainerItemProxy section */
		61B1A4361A655D670017BE2C /* PBXContainerItemProxy */ = {
			isa = PBXContainerItemProxy;
			containerPortal = 61B1A4141A655D670017BE2C /* Project object */;
			proxyType = 1;
			remoteGlobalIDString = 61B1A41B1A655D670017BE2C;
			remoteInfo = GCPagerExtension;
		};
/* End PBXContainerItemProxy section */

/* Begin PBXFileReference section */
		61042B441A7358A5002131D9 /* ContentCell2.h */ = {isa = PBXFileReference; fileEncoding = 4; lastKnownFileType = sourcecode.c.h; path = ContentCell2.h; sourceTree = "<group>"; };
		61042B451A7358A5002131D9 /* ContentCell2.m */ = {isa = PBXFileReference; fileEncoding = 4; lastKnownFileType = sourcecode.c.objc; path = ContentCell2.m; sourceTree = "<group>"; };
		6127C5E41A6952070030E114 /* GCPageViewCell.h */ = {isa = PBXFileReference; fileEncoding = 4; lastKnownFileType = sourcecode.c.h; path = GCPageViewCell.h; sourceTree = "<group>"; };
		6127C5E51A6952070030E114 /* GCPageViewCell.m */ = {isa = PBXFileReference; fileEncoding = 4; lastKnownFileType = sourcecode.c.objc; path = GCPageViewCell.m; sourceTree = "<group>"; };
		6127C5E71A6A5B6C0030E114 /* GCDefaultPageView.h */ = {isa = PBXFileReference; fileEncoding = 4; lastKnownFileType = sourcecode.c.h; path = GCDefaultPageView.h; sourceTree = "<group>"; };
		6127C5E81A6A5B6C0030E114 /* GCDefaultPageView.m */ = {isa = PBXFileReference; fileEncoding = 4; lastKnownFileType = sourcecode.c.objc; path = GCDefaultPageView.m; sourceTree = "<group>"; };
		6127C5EA1A6A5E970030E114 /* GCInfinitePageView.h */ = {isa = PBXFileReference; fileEncoding = 4; lastKnownFileType = sourcecode.c.h; path = GCInfinitePageView.h; sourceTree = "<group>"; };
		6127C5EB1A6A5E970030E114 /* GCInfinitePageView.m */ = {isa = PBXFileReference; fileEncoding = 4; lastKnownFileType = sourcecode.c.objc; path = GCInfinitePageView.m; sourceTree = "<group>"; };
		61B1A41C1A655D670017BE2C /* GCPagerExtension.app */ = {isa = PBXFileReference; explicitFileType = wrapper.application; includeInIndex = 0; path = GCPagerExtension.app; sourceTree = BUILT_PRODUCTS_DIR; };
		61B1A4201A655D670017BE2C /* Info.plist */ = {isa = PBXFileReference; lastKnownFileType = text.plist.xml; path = Info.plist; sourceTree = "<group>"; };
		61B1A4211A655D670017BE2C /* main.m */ = {isa = PBXFileReference; lastKnownFileType = sourcecode.c.objc; path = main.m; sourceTree = "<group>"; };
		61B1A4231A655D670017BE2C /* AppDelegate.h */ = {isa = PBXFileReference; lastKnownFileType = sourcecode.c.h; path = AppDelegate.h; sourceTree = "<group>"; };
		61B1A4241A655D670017BE2C /* AppDelegate.m */ = {isa = PBXFileReference; lastKnownFileType = sourcecode.c.objc; path = AppDelegate.m; sourceTree = "<group>"; };
		61B1A4261A655D670017BE2C /* ViewController.h */ = {isa = PBXFileReference; lastKnownFileType = sourcecode.c.h; path = ViewController.h; sourceTree = "<group>"; };
		61B1A4271A655D670017BE2C /* ViewController.m */ = {isa = PBXFileReference; lastKnownFileType = sourcecode.c.objc; path = ViewController.m; sourceTree = "<group>"; };
		61B1A42A1A655D670017BE2C /* Base */ = {isa = PBXFileReference; lastKnownFileType = file.storyboard; name = Base; path = Base.lproj/Main.storyboard; sourceTree = "<group>"; };
		61B1A42C1A655D670017BE2C /* Images.xcassets */ = {isa = PBXFileReference; lastKnownFileType = folder.assetcatalog; path = Images.xcassets; sourceTree = "<group>"; };
		61B1A42F1A655D670017BE2C /* Base */ = {isa = PBXFileReference; lastKnownFileType = file.xib; name = Base; path = Base.lproj/LaunchScreen.xib; sourceTree = "<group>"; };
		61B1A4351A655D670017BE2C /* GCPagerExtensionTests.xctest */ = {isa = PBXFileReference; explicitFileType = wrapper.cfbundle; includeInIndex = 0; path = GCPagerExtensionTests.xctest; sourceTree = BUILT_PRODUCTS_DIR; };
		61B1A43A1A655D670017BE2C /* Info.plist */ = {isa = PBXFileReference; lastKnownFileType = text.plist.xml; path = Info.plist; sourceTree = "<group>"; };
		61B1A43B1A655D670017BE2C /* GCPagerExtensionTests.m */ = {isa = PBXFileReference; lastKnownFileType = sourcecode.c.objc; path = GCPagerExtensionTests.m; sourceTree = "<group>"; };
		61B1A44F1A6561610017BE2C /* GCScrollView.h */ = {isa = PBXFileReference; fileEncoding = 4; lastKnownFileType = sourcecode.c.h; path = GCScrollView.h; sourceTree = "<group>"; };
		61B1A4501A6561610017BE2C /* GCScrollView.m */ = {isa = PBXFileReference; fileEncoding = 4; lastKnownFileType = sourcecode.c.objc; path = GCScrollView.m; sourceTree = "<group>"; };
		61B1A4531A6561790017BE2C /* GCPager.h */ = {isa = PBXFileReference; fileEncoding = 4; lastKnownFileType = sourcecode.c.h; path = GCPager.h; sourceTree = "<group>"; };
		61B1A4541A657D390017BE2C /* GCPageView.m */ = {isa = PBXFileReference; fileEncoding = 4; lastKnownFileType = sourcecode.c.objc; path = GCPageView.m; sourceTree = "<group>"; };
		61B1A4561A657D420017BE2C /* GCPageView.h */ = {isa = PBXFileReference; fileEncoding = 4; lastKnownFileType = sourcecode.c.h; path = GCPageView.h; sourceTree = "<group>"; };
		61B1A4571A657D590017BE2C /* UIView+GCOperation.h */ = {isa = PBXFileReference; fileEncoding = 4; lastKnownFileType = sourcecode.c.h; path = "UIView+GCOperation.h"; sourceTree = "<group>"; };
		61B1A4581A657D590017BE2C /* UIView+GCOperation.m */ = {isa = PBXFileReference; fileEncoding = 4; lastKnownFileType = sourcecode.c.objc; path = "UIView+GCOperation.m"; sourceTree = "<group>"; };
		B72E05E31A6E3F1700F0BEB8 /* GCPageScrollView.h */ = {isa = PBXFileReference; fileEncoding = 4; lastKnownFileType = sourcecode.c.h; path = GCPageScrollView.h; sourceTree = "<group>"; };
		B72E05E41A6E3F1700F0BEB8 /* GCPageScrollView.m */ = {isa = PBXFileReference; fileEncoding = 4; lastKnownFileType = sourcecode.c.objc; path = GCPageScrollView.m; sourceTree = "<group>"; };
		B72E07801A71F33000F0BEB8 /* GCPageViewCellStoreHelper.h */ = {isa = PBXFileReference; fileEncoding = 4; lastKnownFileType = sourcecode.c.h; path = GCPageViewCellStoreHelper.h; sourceTree = "<group>"; };
		B72E07811A71F33000F0BEB8 /* GCPageViewCellStoreHelper.m */ = {isa = PBXFileReference; fileEncoding = 4; lastKnownFileType = sourcecode.c.objc; path = GCPageViewCellStoreHelper.m; sourceTree = "<group>"; };
		B72E07831A7215FF00F0BEB8 /* ContentCell.h */ = {isa = PBXFileReference; fileEncoding = 4; lastKnownFileType = sourcecode.c.h; path = ContentCell.h; sourceTree = "<group>"; };
		B72E07841A7215FF00F0BEB8 /* ContentCell.m */ = {isa = PBXFileReference; fileEncoding = 4; lastKnownFileType = sourcecode.c.objc; path = ContentCell.m; sourceTree = "<group>"; };
		B79287FC1A787B4E007ECA9F /* GCPageViewController.h */ = {isa = PBXFileReference; fileEncoding = 4; lastKnownFileType = sourcecode.c.h; path = GCPageViewController.h; sourceTree = "<group>"; };
		B79287FD1A787B4E007ECA9F /* GCPageViewController.m */ = {isa = PBXFileReference; fileEncoding = 4; lastKnownFileType = sourcecode.c.objc; path = GCPageViewController.m; sourceTree = "<group>"; };
		B79288131A79CE66007ECA9F /* ViewController2.h */ = {isa = PBXFileReference; fileEncoding = 4; lastKnownFileType = sourcecode.c.h; path = ViewController2.h; sourceTree = "<group>"; };
		B79288141A79CE66007ECA9F /* ViewController2.m */ = {isa = PBXFileReference; fileEncoding = 4; lastKnownFileType = sourcecode.c.objc; path = ViewController2.m; sourceTree = "<group>"; };
		B79288161A79D45A007ECA9F /* ViewContoller3.h */ = {isa = PBXFileReference; fileEncoding = 4; lastKnownFileType = sourcecode.c.h; path = ViewContoller3.h; sourceTree = "<group>"; };
		B79288171A79D45A007ECA9F /* ViewContoller3.m */ = {isa = PBXFileReference; fileEncoding = 4; lastKnownFileType = sourcecode.c.objc; path = ViewContoller3.m; sourceTree = "<group>"; };
/* End PBXFileReference section */

/* Begin PBXFrameworksBuildPhase section */
		61B1A4191A655D670017BE2C /* Frameworks */ = {
			isa = PBXFrameworksBuildPhase;
			buildActionMask = 2147483647;
			files = (
			);
			runOnlyForDeploymentPostprocessing = 0;
		};
		61B1A4321A655D670017BE2C /* Frameworks */ = {
			isa = PBXFrameworksBuildPhase;
			buildActionMask = 2147483647;
			files = (
			);
			runOnlyForDeploymentPostprocessing = 0;
		};
/* End PBXFrameworksBuildPhase section */

/* Begin PBXGroup section */
		61B1A4131A655D670017BE2C = {
			isa = PBXGroup;
			children = (
				61B1A4451A655D8D0017BE2C /* GCPager */,
				61B1A41E1A655D670017BE2C /* GCPagerExtension */,
				61B1A4381A655D670017BE2C /* GCPagerExtensionTests */,
				61B1A41D1A655D670017BE2C /* Products */,
			);
			sourceTree = "<group>";
		};
		61B1A41D1A655D670017BE2C /* Products */ = {
			isa = PBXGroup;
			children = (
				61B1A41C1A655D670017BE2C /* GCPagerExtension.app */,
				61B1A4351A655D670017BE2C /* GCPagerExtensionTests.xctest */,
			);
			name = Products;
			sourceTree = "<group>";
		};
		61B1A41E1A655D670017BE2C /* GCPagerExtension */ = {
			isa = PBXGroup;
			children = (
				61B1A4231A655D670017BE2C /* AppDelegate.h */,
				61B1A4241A655D670017BE2C /* AppDelegate.m */,
				61B1A4261A655D670017BE2C /* ViewController.h */,
				61B1A4271A655D670017BE2C /* ViewController.m */,
				B72E07831A7215FF00F0BEB8 /* ContentCell.h */,
				B72E07841A7215FF00F0BEB8 /* ContentCell.m */,
				61042B441A7358A5002131D9 /* ContentCell2.h */,
				61042B451A7358A5002131D9 /* ContentCell2.m */,
				B79288131A79CE66007ECA9F /* ViewController2.h */,
				B79288141A79CE66007ECA9F /* ViewController2.m */,
				B79288161A79D45A007ECA9F /* ViewContoller3.h */,
				B79288171A79D45A007ECA9F /* ViewContoller3.m */,
				61B1A4291A655D670017BE2C /* Main.storyboard */,
				61B1A42C1A655D670017BE2C /* Images.xcassets */,
				61B1A42E1A655D670017BE2C /* LaunchScreen.xib */,
				61B1A41F1A655D670017BE2C /* Supporting Files */,
			);
			path = GCPagerExtension;
			sourceTree = "<group>";
		};
		61B1A41F1A655D670017BE2C /* Supporting Files */ = {
			isa = PBXGroup;
			children = (
				61B1A4201A655D670017BE2C /* Info.plist */,
				61B1A4211A655D670017BE2C /* main.m */,
			);
			name = "Supporting Files";
			sourceTree = "<group>";
		};
		61B1A4381A655D670017BE2C /* GCPagerExtensionTests */ = {
			isa = PBXGroup;
			children = (
				61B1A43B1A655D670017BE2C /* GCPagerExtensionTests.m */,
				61B1A4391A655D670017BE2C /* Supporting Files */,
			);
			path = GCPagerExtensionTests;
			sourceTree = "<group>";
		};
		61B1A4391A655D670017BE2C /* Supporting Files */ = {
			isa = PBXGroup;
			children = (
				61B1A43A1A655D670017BE2C /* Info.plist */,
			);
			name = "Supporting Files";
			sourceTree = "<group>";
		};
		61B1A4451A655D8D0017BE2C /* GCPager */ = {
			isa = PBXGroup;
			children = (
				61B1A44C1A6561610017BE2C /* GCPage */,
				61B1A4531A6561790017BE2C /* GCPager.h */,
				61B1A4561A657D420017BE2C /* GCPageView.h */,
				61B1A4541A657D390017BE2C /* GCPageView.m */,
				6127C5E41A6952070030E114 /* GCPageViewCell.h */,
				6127C5E51A6952070030E114 /* GCPageViewCell.m */,
				B79287FC1A787B4E007ECA9F /* GCPageViewController.h */,
				B79287FD1A787B4E007ECA9F /* GCPageViewController.m */,
			);
			path = GCPager;
			sourceTree = "<group>";
		};
		61B1A44C1A6561610017BE2C /* GCPage */ = {
			isa = PBXGroup;
			children = (
				61B1A4571A657D590017BE2C /* UIView+GCOperation.h */,
				61B1A4581A657D590017BE2C /* UIView+GCOperation.m */,
				61B1A44F1A6561610017BE2C /* GCScrollView.h */,
				61B1A4501A6561610017BE2C /* GCScrollView.m */,
				B72E05E31A6E3F1700F0BEB8 /* GCPageScrollView.h */,
				B72E05E41A6E3F1700F0BEB8 /* GCPageScrollView.m */,
				B72E07801A71F33000F0BEB8 /* GCPageViewCellStoreHelper.h */,
				B72E07811A71F33000F0BEB8 /* GCPageViewCellStoreHelper.m */,
				6127C5E71A6A5B6C0030E114 /* GCDefaultPageView.h */,
				6127C5E81A6A5B6C0030E114 /* GCDefaultPageView.m */,
				6127C5EA1A6A5E970030E114 /* GCInfinitePageView.h */,
				6127C5EB1A6A5E970030E114 /* GCInfinitePageView.m */,
			);
			path = GCPage;
			sourceTree = "<group>";
		};
/* End PBXGroup section */

/* Begin PBXNativeTarget section */
		61B1A41B1A655D670017BE2C /* GCPagerExtension */ = {
			isa = PBXNativeTarget;
			buildConfigurationList = 61B1A43F1A655D670017BE2C /* Build configuration list for PBXNativeTarget "GCPagerExtension" */;
			buildPhases = (
				61B1A4181A655D670017BE2C /* Sources */,
				61B1A4191A655D670017BE2C /* Frameworks */,
				61B1A41A1A655D670017BE2C /* Resources */,
			);
			buildRules = (
			);
			dependencies = (
			);
			name = GCPagerExtension;
			productName = GCPagerExtension;
			productReference = 61B1A41C1A655D670017BE2C /* GCPagerExtension.app */;
			productType = "com.apple.product-type.application";
		};
		61B1A4341A655D670017BE2C /* GCPagerExtensionTests */ = {
			isa = PBXNativeTarget;
			buildConfigurationList = 61B1A4421A655D670017BE2C /* Build configuration list for PBXNativeTarget "GCPagerExtensionTests" */;
			buildPhases = (
				61B1A4311A655D670017BE2C /* Sources */,
				61B1A4321A655D670017BE2C /* Frameworks */,
				61B1A4331A655D670017BE2C /* Resources */,
			);
			buildRules = (
			);
			dependencies = (
				61B1A4371A655D670017BE2C /* PBXTargetDependency */,
			);
			name = GCPagerExtensionTests;
			productName = GCPagerExtensionTests;
			productReference = 61B1A4351A655D670017BE2C /* GCPagerExtensionTests.xctest */;
			productType = "com.apple.product-type.bundle.unit-test";
		};
/* End PBXNativeTarget section */

/* Begin PBXProject section */
		61B1A4141A655D670017BE2C /* Project object */ = {
			isa = PBXProject;
			attributes = {
				LastUpgradeCheck = 0610;
				ORGANIZATIONNAME = njgarychow;
				TargetAttributes = {
					61B1A41B1A655D670017BE2C = {
						CreatedOnToolsVersion = 6.1.1;
					};
					61B1A4341A655D670017BE2C = {
						CreatedOnToolsVersion = 6.1.1;
						TestTargetID = 61B1A41B1A655D670017BE2C;
					};
				};
			};
			buildConfigurationList = 61B1A4171A655D670017BE2C /* Build configuration list for PBXProject "GCPagerExtension" */;
			compatibilityVersion = "Xcode 3.2";
			developmentRegion = English;
			hasScannedForEncodings = 0;
			knownRegions = (
				en,
				Base,
			);
			mainGroup = 61B1A4131A655D670017BE2C;
			productRefGroup = 61B1A41D1A655D670017BE2C /* Products */;
			projectDirPath = "";
			projectRoot = "";
			targets = (
				61B1A41B1A655D670017BE2C /* GCPagerExtension */,
				61B1A4341A655D670017BE2C /* GCPagerExtensionTests */,
			);
		};
/* End PBXProject section */

/* Begin PBXResourcesBuildPhase section */
		61B1A41A1A655D670017BE2C /* Resources */ = {
			isa = PBXResourcesBuildPhase;
			buildActionMask = 2147483647;
			files = (
				61B1A42B1A655D670017BE2C /* Main.storyboard in Resources */,
				61B1A4301A655D670017BE2C /* LaunchScreen.xib in Resources */,
				61B1A42D1A655D670017BE2C /* Images.xcassets in Resources */,
			);
			runOnlyForDeploymentPostprocessing = 0;
		};
		61B1A4331A655D670017BE2C /* Resources */ = {
			isa = PBXResourcesBuildPhase;
			buildActionMask = 2147483647;
			files = (
			);
			runOnlyForDeploymentPostprocessing = 0;
		};
/* End PBXResourcesBuildPhase section */

/* Begin PBXSourcesBuildPhase section */
		61B1A4181A655D670017BE2C /* Sources */ = {
			isa = PBXSourcesBuildPhase;
			buildActionMask = 2147483647;
			files = (
				61B1A4591A657D590017BE2C /* UIView+GCOperation.m in Sources */,
				61042B461A7358A5002131D9 /* ContentCell2.m in Sources */,
				B79288151A79CE66007ECA9F /* ViewController2.m in Sources */,
				61B1A4551A657D390017BE2C /* GCPageView.m in Sources */,
				6127C5E61A6952070030E114 /* GCPageViewCell.m in Sources */,
				6127C5EC1A6A5E970030E114 /* GCInfinitePageView.m in Sources */,
				B72E05E51A6E3F1700F0BEB8 /* GCPageScrollView.m in Sources */,
				61B1A4281A655D670017BE2C /* ViewController.m in Sources */,
				61B1A4251A655D670017BE2C /* AppDelegate.m in Sources */,
				6127C5E91A6A5B6C0030E114 /* GCDefaultPageView.m in Sources */,
				B72E07821A71F33000F0BEB8 /* GCPageViewCellStoreHelper.m in Sources */,
				B79288181A79D45A007ECA9F /* ViewContoller3.m in Sources */,
				61B1A4521A6561610017BE2C /* GCScrollView.m in Sources */,
				B79287FE1A787B4E007ECA9F /* GCPageViewController.m in Sources */,
				61B1A4221A655D670017BE2C /* main.m in Sources */,
				B72E07851A7215FF00F0BEB8 /* ContentCell.m in Sources */,
			);
			runOnlyForDeploymentPostprocessing = 0;
		};
		61B1A4311A655D670017BE2C /* Sources */ = {
			isa = PBXSourcesBuildPhase;
			buildActionMask = 2147483647;
			files = (
				61B1A43C1A655D670017BE2C /* GCPagerExtensionTests.m in Sources */,
			);
			runOnlyForDeploymentPostprocessing = 0;
		};
/* End PBXSourcesBuildPhase section */

/* Begin PBXTargetDependency section */
		61B1A4371A655D670017BE2C /* PBXTargetDependency */ = {
			isa = PBXTargetDependency;
			target = 61B1A41B1A655D670017BE2C /* GCPagerExtension */;
			targetProxy = 61B1A4361A655D670017BE2C /* PBXContainerItemProxy */;
		};
/* End PBXTargetDependency section */

/* Begin PBXVariantGroup section */
		61B1A4291A655D670017BE2C /* Main.storyboard */ = {
			isa = PBXVariantGroup;
			children = (
				61B1A42A1A655D670017BE2C /* Base */,
			);
			name = Main.storyboard;
			sourceTree = "<group>";
		};
		61B1A42E1A655D670017BE2C /* LaunchScreen.xib */ = {
			isa = PBXVariantGroup;
			children = (
				61B1A42F1A655D670017BE2C /* Base */,
			);
			name = LaunchScreen.xib;
			sourceTree = "<group>";
		};
/* End PBXVariantGroup section */

/* Begin XCBuildConfiguration section */
		61B1A43D1A655D670017BE2C /* Debug */ = {
			isa = XCBuildConfiguration;
			buildSettings = {
				ALWAYS_SEARCH_USER_PATHS = NO;
				CLANG_CXX_LANGUAGE_STANDARD = "gnu++0x";
				CLANG_CXX_LIBRARY = "libc++";
				CLANG_ENABLE_MODULES = YES;
				CLANG_ENABLE_OBJC_ARC = YES;
				CLANG_WARN_BOOL_CONVERSION = YES;
				CLANG_WARN_CONSTANT_CONVERSION = YES;
				CLANG_WARN_DIRECT_OBJC_ISA_USAGE = YES_ERROR;
				CLANG_WARN_EMPTY_BODY = YES;
				CLANG_WARN_ENUM_CONVERSION = YES;
				CLANG_WARN_INT_CONVERSION = YES;
				CLANG_WARN_OBJC_ROOT_CLASS = YES_ERROR;
				CLANG_WARN_UNREACHABLE_CODE = YES;
				CLANG_WARN__DUPLICATE_METHOD_MATCH = YES;
				"CODE_SIGN_IDENTITY[sdk=iphoneos*]" = "iPhone Developer";
				COPY_PHASE_STRIP = NO;
				ENABLE_STRICT_OBJC_MSGSEND = YES;
				GCC_C_LANGUAGE_STANDARD = gnu99;
				GCC_DYNAMIC_NO_PIC = NO;
				GCC_OPTIMIZATION_LEVEL = 0;
				GCC_PREPROCESSOR_DEFINITIONS = (
					"DEBUG=1",
					"$(inherited)",
				);
				GCC_SYMBOLS_PRIVATE_EXTERN = NO;
				GCC_WARN_64_TO_32_BIT_CONVERSION = YES;
				GCC_WARN_ABOUT_RETURN_TYPE = YES_ERROR;
				GCC_WARN_UNDECLARED_SELECTOR = YES;
				GCC_WARN_UNINITIALIZED_AUTOS = YES_AGGRESSIVE;
				GCC_WARN_UNUSED_FUNCTION = YES;
				GCC_WARN_UNUSED_VARIABLE = YES;
				IPHONEOS_DEPLOYMENT_TARGET = 8.1;
				MTL_ENABLE_DEBUG_INFO = YES;
				ONLY_ACTIVE_ARCH = YES;
				SDKROOT = iphoneos;
			};
			name = Debug;
		};
		61B1A43E1A655D670017BE2C /* Release */ = {
			isa = XCBuildConfiguration;
			buildSettings = {
				ALWAYS_SEARCH_USER_PATHS = NO;
				CLANG_CXX_LANGUAGE_STANDARD = "gnu++0x";
				CLANG_CXX_LIBRARY = "libc++";
				CLANG_ENABLE_MODULES = YES;
				CLANG_ENABLE_OBJC_ARC = YES;
				CLANG_WARN_BOOL_CONVERSION = YES;
				CLANG_WARN_CONSTANT_CONVERSION = YES;
				CLANG_WARN_DIRECT_OBJC_ISA_USAGE = YES_ERROR;
				CLANG_WARN_EMPTY_BODY = YES;
				CLANG_WARN_ENUM_CONVERSION = YES;
				CLANG_WARN_INT_CONVERSION = YES;
				CLANG_WARN_OBJC_ROOT_CLASS = YES_ERROR;
				CLANG_WARN_UNREACHABLE_CODE = YES;
				CLANG_WARN__DUPLICATE_METHOD_MATCH = YES;
				"CODE_SIGN_IDENTITY[sdk=iphoneos*]" = "iPhone Developer";
				COPY_PHASE_STRIP = YES;
				ENABLE_NS_ASSERTIONS = NO;
				ENABLE_STRICT_OBJC_MSGSEND = YES;
				GCC_C_LANGUAGE_STANDARD = gnu99;
				GCC_WARN_64_TO_32_BIT_CONVERSION = YES;
				GCC_WARN_ABOUT_RETURN_TYPE = YES_ERROR;
				GCC_WARN_UNDECLARED_SELECTOR = YES;
				GCC_WARN_UNINITIALIZED_AUTOS = YES_AGGRESSIVE;
				GCC_WARN_UNUSED_FUNCTION = YES;
				GCC_WARN_UNUSED_VARIABLE = YES;
				IPHONEOS_DEPLOYMENT_TARGET = 8.1;
				MTL_ENABLE_DEBUG_INFO = NO;
				SDKROOT = iphoneos;
				VALIDATE_PRODUCT = YES;
			};
			name = Release;
		};
		61B1A4401A655D670017BE2C /* Debug */ = {
			isa = XCBuildConfiguration;
			buildSettings = {
				ASSETCATALOG_COMPILER_APPICON_NAME = AppIcon;
				INFOPLIST_FILE = GCPagerExtension/Info.plist;
				LD_RUNPATH_SEARCH_PATHS = "$(inherited) @executable_path/Frameworks";
				ONLY_ACTIVE_ARCH = NO;
				PRODUCT_NAME = "$(TARGET_NAME)";
			};
			name = Debug;
		};
		61B1A4411A655D670017BE2C /* Release */ = {
			isa = XCBuildConfiguration;
			buildSettings = {
				ASSETCATALOG_COMPILER_APPICON_NAME = AppIcon;
				INFOPLIST_FILE = GCPagerExtension/Info.plist;
				LD_RUNPATH_SEARCH_PATHS = "$(inherited) @executable_path/Frameworks";
				PRODUCT_NAME = "$(TARGET_NAME)";
			};
			name = Release;
		};
		61B1A4431A655D670017BE2C /* Debug */ = {
			isa = XCBuildConfiguration;
			buildSettings = {
				BUNDLE_LOADER = "$(TEST_HOST)";
				FRAMEWORK_SEARCH_PATHS = (
					"$(SDKROOT)/Developer/Library/Frameworks",
					"$(inherited)",
				);
				GCC_PREPROCESSOR_DEFINITIONS = (
					"DEBUG=1",
					"$(inherited)",
				);
				INFOPLIST_FILE = GCPagerExtensionTests/Info.plist;
				LD_RUNPATH_SEARCH_PATHS = "$(inherited) @executable_path/Frameworks @loader_path/Frameworks";
				PRODUCT_NAME = "$(TARGET_NAME)";
				TEST_HOST = "$(BUILT_PRODUCTS_DIR)/GCPagerExtension.app/GCPagerExtension";
			};
			name = Debug;
		};
		61B1A4441A655D670017BE2C /* Release */ = {
			isa = XCBuildConfiguration;
			buildSettings = {
				BUNDLE_LOADER = "$(TEST_HOST)";
				FRAMEWORK_SEARCH_PATHS = (
					"$(SDKROOT)/Developer/Library/Frameworks",
					"$(inherited)",
				);
				INFOPLIST_FILE = GCPagerExtensionTests/Info.plist;
				LD_RUNPATH_SEARCH_PATHS = "$(inherited) @executable_path/Frameworks @loader_path/Frameworks";
				PRODUCT_NAME = "$(TARGET_NAME)";
				TEST_HOST = "$(BUILT_PRODUCTS_DIR)/GCPagerExtension.app/GCPagerExtension";
			};
			name = Release;
		};
/* End XCBuildConfiguration section */

/* Begin XCConfigurationList section */
		61B1A4171A655D670017BE2C /* Build configuration list for PBXProject "GCPagerExtension" */ = {
			isa = XCConfigurationList;
			buildConfigurations = (
				61B1A43D1A655D670017BE2C /* Debug */,
				61B1A43E1A655D670017BE2C /* Release */,
			);
			defaultConfigurationIsVisible = 0;
			defaultConfigurationName = Release;
		};
		61B1A43F1A655D670017BE2C /* Build configuration list for PBXNativeTarget "GCPagerExtension" */ = {
			isa = XCConfigurationList;
			buildConfigurations = (
				61B1A4401A655D670017BE2C /* Debug */,
				61B1A4411A655D670017BE2C /* Release */,
			);
			defaultConfigurationIsVisible = 0;
			defaultConfigurationName = Release;
		};
		61B1A4421A655D670017BE2C /* Build configuration list for PBXNativeTarget "GCPagerExtensionTests" */ = {
			isa = XCConfigurationList;
			buildConfigurations = (
				61B1A4431A655D670017BE2C /* Debug */,
				61B1A4441A655D670017BE2C /* Release */,
			);
			defaultConfigurationIsVisible = 0;
			defaultConfigurationName = Release;
		};
/* End XCConfigurationList section */
	};
	rootObject = 61B1A4141A655D670017BE2C /* Project object */;
}
